
Microsoft Visual Studio Solution File, Format Version 12.00
# Visual Studio 15
VisualStudioVersion = 15.0.27130.2027
MinimumVisualStudioVersion = 10.0.40219.1
Project("{FAE04EC0-301F-11D3-BF4B-00C04F79EFBC}") = "HyperGraph.VsTests", "HyperGraph.VsTests\HyperGraph.VsTests.csproj", "{2DD60A26-77BB-42CC-A333-9FBDC44A80F7}"
EndProject
Project("{2150E333-8FDC-42A3-9474-1A3956D46DE8}") = ".nuget", ".nuget", "{5FF12AEA-8150-49A2-AE64-9FB5FB8CC145}"
	ProjectSection(SolutionItems) = preProject
		.nuget\NuGet.Config = .nuget\NuGet.Config
		.nuget\NuGet.exe = .nuget\NuGet.exe
		.nuget\NuGet.targets = .nuget\NuGet.targets
	EndProjectSection
EndProject
Project("{2150E333-8FDC-42A3-9474-1A3956D46DE8}") = "Libraries", "Libraries", "{D3CC668A-5951-4661-838B-D2BD6778820F}"
EndProject
Project("{9A19103F-16F7-4668-BE54-9A1E7A4F7556}") = "HyperGraph.Extras", "Libraries\HyperGraph.Extras\HyperGraph.Extras.csproj", "{BCE266D8-B584-4B68-84E2-11EB90973213}"
EndProject
Project("{FAE04EC0-301F-11D3-BF4B-00C04F79EFBC}") = "HyperGraph.Extras.VsTests", "HyperGraph.Extras.VsTests\HyperGraph.Extras.VsTests.csproj", "{7945C532-7B02-4994-AAA0-D31FBC4D970F}"
EndProject
Project("{9A19103F-16F7-4668-BE54-9A1E7A4F7556}") = "HyperGraphNetStandard", "Libraries\HyperGraphNetStandard\HyperGraphNetStandard.csproj", "{A6FF9D8C-2CC6-410D-8427-C41738C213D6}"
EndProject
Global
	GlobalSection(SharedMSBuildProjectFiles) = preSolution
		HyperGraphData\HyperGraphData.projitems*{43dccc9e-4c96-46c4-a1e6-f433c7d0195e}*SharedItemsImports = 13
	EndGlobalSection
	GlobalSection(SolutionConfigurationPlatforms) = preSolution
		Debug|Any CPU = Debug|Any CPU
		Debug|ARM = Debug|ARM
		Debug|iPhone = Debug|iPhone
		Debug|iPhoneSimulator = Debug|iPhoneSimulator
		Debug|x86 = Debug|x86
		Release|Any CPU = Release|Any CPU
		Release|ARM = Release|ARM
		Release|iPhone = Release|iPhone
		Release|iPhoneSimulator = Release|iPhoneSimulator
		Release|x86 = Release|x86
	EndGlobalSection
	GlobalSection(ProjectConfigurationPlatforms) = postSolution
		{2DD60A26-77BB-42CC-A333-9FBDC44A80F7}.Debug|Any CPU.ActiveCfg = Debug|Any CPU
		{2DD60A26-77BB-42CC-A333-9FBDC44A80F7}.Debug|Any CPU.Build.0 = Debug|Any CPU
		{2DD60A26-77BB-42CC-A333-9FBDC44A80F7}.Debug|ARM.ActiveCfg = Debug|Any CPU
		{2DD60A26-77BB-42CC-A333-9FBDC44A80F7}.Debug|ARM.Build.0 = Debug|Any CPU
		{2DD60A26-77BB-42CC-A333-9FBDC44A80F7}.Debug|iPhone.ActiveCfg = Debug|Any CPU
		{2DD60A26-77BB-42CC-A333-9FBDC44A80F7}.Debug|iPhone.Build.0 = Debug|Any CPU
		{2DD60A26-77BB-42CC-A333-9FBDC44A80F7}.Debug|iPhoneSimulator.ActiveCfg = Debug|Any CPU
		{2DD60A26-77BB-42CC-A333-9FBDC44A80F7}.Debug|iPhoneSimulator.Build.0 = Debug|Any CPU
		{2DD60A26-77BB-42CC-A333-9FBDC44A80F7}.Debug|x86.ActiveCfg = Debug|Any CPU
		{2DD60A26-77BB-42CC-A333-9FBDC44A80F7}.Debug|x86.Build.0 = Debug|Any CPU
		{2DD60A26-77BB-42CC-A333-9FBDC44A80F7}.Release|Any CPU.ActiveCfg = Release|Any CPU
		{2DD60A26-77BB-42CC-A333-9FBDC44A80F7}.Release|Any CPU.Build.0 = Release|Any CPU
		{2DD60A26-77BB-42CC-A333-9FBDC44A80F7}.Release|ARM.ActiveCfg = Release|Any CPU
		{2DD60A26-77BB-42CC-A333-9FBDC44A80F7}.Release|ARM.Build.0 = Release|Any CPU
		{2DD60A26-77BB-42CC-A333-9FBDC44A80F7}.Release|iPhone.ActiveCfg = Release|Any CPU
		{2DD60A26-77BB-42CC-A333-9FBDC44A80F7}.Release|iPhone.Build.0 = Release|Any CPU
		{2DD60A26-77BB-42CC-A333-9FBDC44A80F7}.Release|iPhoneSimulator.ActiveCfg = Release|Any CPU
		{2DD60A26-77BB-42CC-A333-9FBDC44A80F7}.Release|iPhoneSimulator.Build.0 = Release|Any CPU
		{2DD60A26-77BB-42CC-A333-9FBDC44A80F7}.Release|x86.ActiveCfg = Release|Any CPU
		{2DD60A26-77BB-42CC-A333-9FBDC44A80F7}.Release|x86.Build.0 = Release|Any CPU
		{BCE266D8-B584-4B68-84E2-11EB90973213}.Debug|Any CPU.ActiveCfg = Debug|Any CPU
		{BCE266D8-B584-4B68-84E2-11EB90973213}.Debug|Any CPU.Build.0 = Debug|Any CPU
		{BCE266D8-B584-4B68-84E2-11EB90973213}.Debug|ARM.ActiveCfg = Debug|Any CPU
		{BCE266D8-B584-4B68-84E2-11EB90973213}.Debug|ARM.Build.0 = Debug|Any CPU
		{BCE266D8-B584-4B68-84E2-11EB90973213}.Debug|iPhone.ActiveCfg = Debug|Any CPU
		{BCE266D8-B584-4B68-84E2-11EB90973213}.Debug|iPhone.Build.0 = Debug|Any CPU
		{BCE266D8-B584-4B68-84E2-11EB90973213}.Debug|iPhoneSimulator.ActiveCfg = Debug|Any CPU
		{BCE266D8-B584-4B68-84E2-11EB90973213}.Debug|iPhoneSimulator.Build.0 = Debug|Any CPU
		{BCE266D8-B584-4B68-84E2-11EB90973213}.Debug|x86.ActiveCfg = Debug|Any CPU
		{BCE266D8-B584-4B68-84E2-11EB90973213}.Debug|x86.Build.0 = Debug|Any CPU
		{BCE266D8-B584-4B68-84E2-11EB90973213}.Release|Any CPU.ActiveCfg = Release|Any CPU
		{BCE266D8-B584-4B68-84E2-11EB90973213}.Release|Any CPU.Build.0 = Release|Any CPU
		{BCE266D8-B584-4B68-84E2-11EB90973213}.Release|ARM.ActiveCfg = Release|Any CPU
		{BCE266D8-B584-4B68-84E2-11EB90973213}.Release|ARM.Build.0 = Release|Any CPU
		{BCE266D8-B584-4B68-84E2-11EB90973213}.Release|iPhone.ActiveCfg = Release|Any CPU
		{BCE266D8-B584-4B68-84E2-11EB90973213}.Release|iPhone.Build.0 = Release|Any CPU
		{BCE266D8-B584-4B68-84E2-11EB90973213}.Release|iPhoneSimulator.ActiveCfg = Release|Any CPU
		{BCE266D8-B584-4B68-84E2-11EB90973213}.Release|iPhoneSimulator.Build.0 = Release|Any CPU
		{BCE266D8-B584-4B68-84E2-11EB90973213}.Release|x86.ActiveCfg = Release|Any CPU
		{BCE266D8-B584-4B68-84E2-11EB90973213}.Release|x86.Build.0 = Release|Any CPU
		{7945C532-7B02-4994-AAA0-D31FBC4D970F}.Debug|Any CPU.ActiveCfg = Debug|Any CPU
		{7945C532-7B02-4994-AAA0-D31FBC4D970F}.Debug|Any CPU.Build.0 = Debug|Any CPU
		{7945C532-7B02-4994-AAA0-D31FBC4D970F}.Debug|ARM.ActiveCfg = Debug|Any CPU
		{7945C532-7B02-4994-AAA0-D31FBC4D970F}.Debug|ARM.Build.0 = Debug|Any CPU
		{7945C532-7B02-4994-AAA0-D31FBC4D970F}.Debug|iPhone.ActiveCfg = Debug|Any CPU
		{7945C532-7B02-4994-AAA0-D31FBC4D970F}.Debug|iPhone.Build.0 = Debug|Any CPU
		{7945C532-7B02-4994-AAA0-D31FBC4D970F}.Debug|iPhoneSimulator.ActiveCfg = Debug|Any CPU
		{7945C532-7B02-4994-AAA0-D31FBC4D970F}.Debug|iPhoneSimulator.Build.0 = Debug|Any CPU
		{7945C532-7B02-4994-AAA0-D31FBC4D970F}.Debug|x86.ActiveCfg = Debug|Any CPU
		{7945C532-7B02-4994-AAA0-D31FBC4D970F}.Debug|x86.Build.0 = Debug|Any CPU
		{7945C532-7B02-4994-AAA0-D31FBC4D970F}.Release|Any CPU.ActiveCfg = Release|Any CPU
		{7945C532-7B02-4994-AAA0-D31FBC4D970F}.Release|Any CPU.Build.0 = Release|Any CPU
		{7945C532-7B02-4994-AAA0-D31FBC4D970F}.Release|ARM.ActiveCfg = Release|Any CPU
		{7945C532-7B02-4994-AAA0-D31FBC4D970F}.Release|ARM.Build.0 = Release|Any CPU
		{7945C532-7B02-4994-AAA0-D31FBC4D970F}.Release|iPhone.ActiveCfg = Release|Any CPU
		{7945C532-7B02-4994-AAA0-D31FBC4D970F}.Release|iPhone.Build.0 = Release|Any CPU
		{7945C532-7B02-4994-AAA0-D31FBC4D970F}.Release|iPhoneSimulator.ActiveCfg = Release|Any CPU
		{7945C532-7B02-4994-AAA0-D31FBC4D970F}.Release|iPhoneSimulator.Build.0 = Release|Any CPU
		{7945C532-7B02-4994-AAA0-D31FBC4D970F}.Release|x86.ActiveCfg = Release|Any CPU
		{7945C532-7B02-4994-AAA0-D31FBC4D970F}.Release|x86.Build.0 = Release|Any CPU
		{A6FF9D8C-2CC6-410D-8427-C41738C213D6}.Debug|Any CPU.ActiveCfg = Debug|Any CPU
		{A6FF9D8C-2CC6-410D-8427-C41738C213D6}.Debug|Any CPU.Build.0 = Debug|Any CPU
		{A6FF9D8C-2CC6-410D-8427-C41738C213D6}.Debug|ARM.ActiveCfg = Debug|Any CPU
		{A6FF9D8C-2CC6-410D-8427-C41738C213D6}.Debug|ARM.Build.0 = Debug|Any CPU
		{A6FF9D8C-2CC6-410D-8427-C41738C213D6}.Debug|iPhone.ActiveCfg = Debug|Any CPU
		{A6FF9D8C-2CC6-410D-8427-C41738C213D6}.Debug|iPhone.Build.0 = Debug|Any CPU
		{A6FF9D8C-2CC6-410D-8427-C41738C213D6}.Debug|iPhoneSimulator.ActiveCfg = Debug|Any CPU
		{A6FF9D8C-2CC6-410D-8427-C41738C213D6}.Debug|iPhoneSimulator.Build.0 = Debug|Any CPU
		{A6FF9D8C-2CC6-410D-8427-C41738C213D6}.Debug|x86.ActiveCfg = Debug|Any CPU
		{A6FF9D8C-2CC6-410D-8427-C41738C213D6}.Debug|x86.Build.0 = Debug|Any CPU
		{A6FF9D8C-2CC6-410D-8427-C41738C213D6}.Release|Any CPU.ActiveCfg = Release|Any CPU
		{A6FF9D8C-2CC6-410D-8427-C41738C213D6}.Release|Any CPU.Build.0 = Release|Any CPU
		{A6FF9D8C-2CC6-410D-8427-C41738C213D6}.Release|ARM.ActiveCfg = Release|Any CPU
		{A6FF9D8C-2CC6-410D-8427-C41738C213D6}.Release|ARM.Build.0 = Release|Any CPU
		{A6FF9D8C-2CC6-410D-8427-C41738C213D6}.Release|iPhone.ActiveCfg = Release|Any CPU
		{A6FF9D8C-2CC6-410D-8427-C41738C213D6}.Release|iPhone.Build.0 = Release|Any CPU
		{A6FF9D8C-2CC6-410D-8427-C41738C213D6}.Release|iPhoneSimulator.ActiveCfg = Release|Any CPU
		{A6FF9D8C-2CC6-410D-8427-C41738C213D6}.Release|iPhoneSimulator.Build.0 = Release|Any CPU
		{A6FF9D8C-2CC6-410D-8427-C41738C213D6}.Release|x86.ActiveCfg = Release|Any CPU
		{A6FF9D8C-2CC6-410D-8427-C41738C213D6}.Release|x86.Build.0 = Release|Any CPU
	EndGlobalSection
	GlobalSection(SolutionProperties) = preSolution
		HideSolutionNode = FALSE
	EndGlobalSection
	GlobalSection(NestedProjects) = preSolution
		{BCE266D8-B584-4B68-84E2-11EB90973213} = {D3CC668A-5951-4661-838B-D2BD6778820F}
		{A6FF9D8C-2CC6-410D-8427-C41738C213D6} = {D3CC668A-5951-4661-838B-D2BD6778820F}
	EndGlobalSection
	GlobalSection(ExtensibilityGlobals) = postSolution
		SolutionGuid = {82EC943A-AF24-414F-A180-5396CFE4206C}
	EndGlobalSection
EndGlobal
