
Microsoft Visual Studio Solution File, Format Version 12.00
# Visual Studio 2017
Project("{FAE04EC0-301F-11D3-BF4B-00C04F79EFBC}") = "HyperGraph.Extras", "HyperGraph.Extras.csproj", "{00D8684C-FAEE-41A7-BD62-FCF2242746EE}"
EndProject
Global
	GlobalSection(SolutionConfigurationPlatforms) = preSolution
		Debug|Any CPU = Debug|Any CPU
		Release|Any CPU = Release|Any CPU
	EndGlobalSection
	GlobalSection(ProjectConfigurationPlatforms) = postSolution
		{00D8684C-FAEE-41A7-BD62-FCF2242746EE}.Debug|Any CPU.ActiveCfg = Debug|Any CPU
		{00D8684C-FAEE-41A7-BD62-FCF2242746EE}.Debug|Any CPU.Build.0 = Debug|Any CPU
		{00D8684C-FAEE-41A7-BD62-FCF2242746EE}.Release|Any CPU.ActiveCfg = Release|Any CPU
		{00D8684C-FAEE-41A7-BD62-FCF2242746EE}.Release|Any CPU.Build.0 = Release|Any CPU
	EndGlobalSection
EndGlobal
